
Microsoft Visual Studio Solution File, Format Version 12.00
# Visual Studio Version 16
VisualStudioVersion = 16.0.32106.194
MinimumVisualStudioVersion = 10.0.40219.1
Project("{FAE04EC0-301F-11D3-BF4B-00C04F79EFBC}") = "MorseRSAAlgorithms", "MorseRSAAlgorithms\MorseRSAAlgorithms.csproj", "{0F131B74-131F-4B9E-99E8-F11A762B4B8E}"
EndProject
Global
	GlobalSection(SolutionConfigurationPlatforms) = preSolution
		Debug|Any CPU = Debug|Any CPU
		Release|Any CPU = Release|Any CPU
	EndGlobalSection
	GlobalSection(ProjectConfigurationPlatforms) = postSolution
		{0F131B74-131F-4B9E-99E8-F11A762B4B8E}.Debug|Any CPU.ActiveCfg = Debug|Any CPU
		{0F131B74-131F-4B9E-99E8-F11A762B4B8E}.Debug|Any CPU.Build.0 = Debug|Any CPU
		{0F131B74-131F-4B9E-99E8-F11A762B4B8E}.Release|Any CPU.ActiveCfg = Release|Any CPU
		{0F131B74-131F-4B9E-99E8-F11A762B4B8E}.Release|Any CPU.Build.0 = Release|Any CPU
	EndGlobalSection
	GlobalSection(SolutionProperties) = preSolution
		HideSolutionNode = FALSE
	EndGlobalSection
	GlobalSection(ExtensibilityGlobals) = postSolution
		SolutionGuid = {0CFAE9C7-22C7-4F5B-8C1E-BF4C789B7861}
	EndGlobalSection
EndGlobal
